
Microsoft Visual Studio Solution File, Format Version 12.00
# Visual Studio Version 17
VisualStudioVersion = 17.13.35818.85 d17.13
MinimumVisualStudioVersion = 10.0.40219.1
Project("{FAE04EC0-301F-11D3-BF4B-00C04F79EFBC}") = "PSSRoot", "PSSRoot.csproj", "{506E3646-9069-4C15-BC65-8B73E94EEE17}"
EndProject
Global
	GlobalSection(SolutionConfigurationPlatforms) = preSolution
		Debug|Any CPU = Debug|Any CPU
		Release|Any CPU = Release|Any CPU
	EndGlobalSection
	GlobalSection(ProjectConfigurationPlatforms) = postSolution
		{506E3646-9069-4C15-BC65-8B73E94EEE17}.Debug|Any CPU.ActiveCfg = Debug|Any CPU
		{506E3646-9069-4C15-BC65-8B73E94EEE17}.Debug|Any CPU.Build.0 = Debug|Any CPU
		{506E3646-9069-4C15-BC65-8B73E94EEE17}.Release|Any CPU.ActiveCfg = Release|Any CPU
		{506E3646-9069-4C15-BC65-8B73E94EEE17}.Release|Any CPU.Build.0 = Release|Any CPU
	EndGlobalSection
	GlobalSection(SolutionProperties) = preSolution
		HideSolutionNode = FALSE
	EndGlobalSection
	GlobalSection(ExtensibilityGlobals) = postSolution
		SolutionGuid = {8FBA1650-B055-4829-A399-0B0F392AB891}
	EndGlobalSection
EndGlobal
